
Microsoft Visual Studio Solution File, Format Version 12.00
# Visual Studio Version 16
VisualStudioVersion = 16.0.32413.511
MinimumVisualStudioVersion = 10.0.40219.1
Project("{8BC9CEB8-8B4A-11D0-8D11-00A0C91BC942}") = "MinimumSpanningTree", "MinimumSpanningTree.vcxproj", "{816F19FA-6B5A-489C-990B-6A1BA433B78F}"
EndProject
Global
	GlobalSection(SolutionConfigurationPlatforms) = preSolution
		Debug|x64 = Debug|x64
		Debug|x86 = Debug|x86
		Release|x64 = Release|x64
		Release|x86 = Release|x86
	EndGlobalSection
	GlobalSection(ProjectConfigurationPlatforms) = postSolution
		{816F19FA-6B5A-489C-990B-6A1BA433B78F}.Debug|x64.ActiveCfg = Debug|x64
		{816F19FA-6B5A-489C-990B-6A1BA433B78F}.Debug|x64.Build.0 = Debug|x64
		{816F19FA-6B5A-489C-990B-6A1BA433B78F}.Debug|x86.ActiveCfg = Debug|Win32
		{816F19FA-6B5A-489C-990B-6A1BA433B78F}.Debug|x86.Build.0 = Debug|Win32
		{816F19FA-6B5A-489C-990B-6A1BA433B78F}.Release|x64.ActiveCfg = Release|x64
		{816F19FA-6B5A-489C-990B-6A1BA433B78F}.Release|x64.Build.0 = Release|x64
		{816F19FA-6B5A-489C-990B-6A1BA433B78F}.Release|x86.ActiveCfg = Release|Win32
		{816F19FA-6B5A-489C-990B-6A1BA433B78F}.Release|x86.Build.0 = Release|Win32
	EndGlobalSection
	GlobalSection(SolutionProperties) = preSolution
		HideSolutionNode = FALSE
	EndGlobalSection
	GlobalSection(ExtensibilityGlobals) = postSolution
		SolutionGuid = {3A5C78A2-CD30-4232-A3BD-632EEA4055A8}
	EndGlobalSection
EndGlobal
